
Microsoft Visual Studio Solution File, Format Version 12.00
# Visual Studio Version 17
VisualStudioVersion = 17.10.34928.147
MinimumVisualStudioVersion = 10.0.40219.1
Project("{9A19103F-16F7-4668-BE54-9A1E7A4F7556}") = "InMemoryApp.Web", "InMemoryApp.Web\InMemoryApp.Web.csproj", "{1AF84825-2B6B-401D-A765-9E85E5F813D2}"
EndProject
Project("{9A19103F-16F7-4668-BE54-9A1E7A4F7556}") = "IDistributedCachRedisApp.Web", "IDistributedCachRedisApp.Web\IDistributedCachRedisApp.Web.csproj", "{750E3904-8FA2-443A-85E2-5BDB313D8DD9}"
EndProject
Project("{FAE04EC0-301F-11D3-BF4B-00C04F79EFBC}") = "RedisExchangeApi.Web", "RedisExchangeApi.Web\RedisExchangeApi.Web.csproj", "{9481C4BD-248A-4850-B5EE-1DE151D08DEE}"
EndProject
Global
	GlobalSection(SolutionConfigurationPlatforms) = preSolution
		Debug|Any CPU = Debug|Any CPU
		Release|Any CPU = Release|Any CPU
	EndGlobalSection
	GlobalSection(ProjectConfigurationPlatforms) = postSolution
		{1AF84825-2B6B-401D-A765-9E85E5F813D2}.Debug|Any CPU.ActiveCfg = Debug|Any CPU
		{1AF84825-2B6B-401D-A765-9E85E5F813D2}.Debug|Any CPU.Build.0 = Debug|Any CPU
		{1AF84825-2B6B-401D-A765-9E85E5F813D2}.Release|Any CPU.ActiveCfg = Release|Any CPU
		{1AF84825-2B6B-401D-A765-9E85E5F813D2}.Release|Any CPU.Build.0 = Release|Any CPU
		{750E3904-8FA2-443A-85E2-5BDB313D8DD9}.Debug|Any CPU.ActiveCfg = Debug|Any CPU
		{750E3904-8FA2-443A-85E2-5BDB313D8DD9}.Debug|Any CPU.Build.0 = Debug|Any CPU
		{750E3904-8FA2-443A-85E2-5BDB313D8DD9}.Release|Any CPU.ActiveCfg = Release|Any CPU
		{750E3904-8FA2-443A-85E2-5BDB313D8DD9}.Release|Any CPU.Build.0 = Release|Any CPU
		{9481C4BD-248A-4850-B5EE-1DE151D08DEE}.Debug|Any CPU.ActiveCfg = Debug|Any CPU
		{9481C4BD-248A-4850-B5EE-1DE151D08DEE}.Debug|Any CPU.Build.0 = Debug|Any CPU
		{9481C4BD-248A-4850-B5EE-1DE151D08DEE}.Release|Any CPU.ActiveCfg = Release|Any CPU
		{9481C4BD-248A-4850-B5EE-1DE151D08DEE}.Release|Any CPU.Build.0 = Release|Any CPU
	EndGlobalSection
	GlobalSection(SolutionProperties) = preSolution
		HideSolutionNode = FALSE
	EndGlobalSection
	GlobalSection(ExtensibilityGlobals) = postSolution
		SolutionGuid = {4BC3B53B-A09E-4A5F-A30E-06AB53C60A25}
	EndGlobalSection
EndGlobal
